
Microsoft Visual Studio Solution File, Format Version 12.00
# Visual Studio Version 17
VisualStudioVersion = 17.14.36603.0 d17.14
MinimumVisualStudioVersion = 10.0.40219.1
Project("{FAE04EC0-301F-11D3-BF4B-00C04F79EFBC}") = "ConsoleBankingApp", "ConsoleBankingApp.csproj", "{9A1B99DC-479C-49C7-B423-5D35A6C4F3B1}"
EndProject
Global
	GlobalSection(SolutionConfigurationPlatforms) = preSolution
		Debug|Any CPU = Debug|Any CPU
		Release|Any CPU = Release|Any CPU
	EndGlobalSection
	GlobalSection(ProjectConfigurationPlatforms) = postSolution
		{9A1B99DC-479C-49C7-B423-5D35A6C4F3B1}.Debug|Any CPU.ActiveCfg = Debug|Any CPU
		{9A1B99DC-479C-49C7-B423-5D35A6C4F3B1}.Debug|Any CPU.Build.0 = Debug|Any CPU
		{9A1B99DC-479C-49C7-B423-5D35A6C4F3B1}.Release|Any CPU.ActiveCfg = Release|Any CPU
		{9A1B99DC-479C-49C7-B423-5D35A6C4F3B1}.Release|Any CPU.Build.0 = Release|Any CPU
	EndGlobalSection
	GlobalSection(SolutionProperties) = preSolution
		HideSolutionNode = FALSE
	EndGlobalSection
	GlobalSection(ExtensibilityGlobals) = postSolution
		SolutionGuid = {BB824DA5-24E7-42CC-8A85-1382861B1992}
	EndGlobalSection
EndGlobal
